github.com/SebastiaanKlippert/go-wkhtmltopdf v1.9.0 h1:DNrExYwvyyI404SxdUCCANAj9TwnGjRfa3cYFMNY1AU=
github.com/SebastiaanKlippert/go-wkhtmltopdf v1.9.0/go.mod h1:SQq4xfIdvf6WYKSDxAJc+xOJdolt+/bc1jnQKMtPMvQ=
github.com/adrg/go-wkhtmltopdf v0.3.0 h1:Zy/bbS6fPlAzuogW5uKa/sLX+SNWwV2DvVued0ZD55c=
github.com/adrg/go-wkhtmltopdf v0.3.0/go.mod h1:PabO59E2w5GMKC8apqcXmf5rZZmiydIP3H1Wb4Uox6I=
github.com/davecgh/go-spew v1.1.1 h1:vj9j/u1bqnvCEfJOwUhtlOARqs3+rkHYY13jYWTU97c=
github.com/go-chi/chi/v5 v5.0.8 h1:lD+NLqFcAi1ovnVZpsnObHGW4xb4J8lNmoYVfECH1Y0=
github.com/go-chi/chi/v5 v5.0.8/go.mod h1:DslCQbL2OYiznFReuXYUmQ2hGd1aDpCnlMNITLSKoi8=
github.com/pmezard/go-difflib v1.0.0 h1:4DBwDE0NGyQoBHbLQYPwSUPoCMWR5BEzIk/f1lZbAQM=
github.com/stretchr/testify v1.7.1 h1:5TQK59W5E3v0r2duFAb7P95B6hEeOyEnHRa8MjYSMTY=
gopkg.in/yaml.v3 v3.0.1 h1:fxVm/GzAzEWqLHuvctI91KS9hhNmmWOoWu0XTYJS7CA=
